
Microsoft Visual Studio Solution File, Format Version 12.00
# Visual Studio Version 17
VisualStudioVersion = 17.11.35219.272
MinimumVisualStudioVersion = 10.0.40219.1
Project("{9A19103F-16F7-4668-BE54-9A1E7A4F7556}") = "VATCalculator", "VATCalculator.csproj", "{B34BB00F-EAD8-4081-B391-D001EF033632}"
EndProject
Global
	GlobalSection(SolutionConfigurationPlatforms) = preSolution
		Debug|Any CPU = Debug|Any CPU
		Release|Any CPU = Release|Any CPU
	EndGlobalSection
	GlobalSection(ProjectConfigurationPlatforms) = postSolution
		{B34BB00F-EAD8-4081-B391-D001EF033632}.Debug|Any CPU.ActiveCfg = Debug|Any CPU
		{B34BB00F-EAD8-4081-B391-D001EF033632}.Debug|Any CPU.Build.0 = Debug|Any CPU
		{B34BB00F-EAD8-4081-B391-D001EF033632}.Release|Any CPU.ActiveCfg = Release|Any CPU
		{B34BB00F-EAD8-4081-B391-D001EF033632}.Release|Any CPU.Build.0 = Release|Any CPU
	EndGlobalSection
	GlobalSection(SolutionProperties) = preSolution
		HideSolutionNode = FALSE
	EndGlobalSection
	GlobalSection(ExtensibilityGlobals) = postSolution
		SolutionGuid = {AF1B83B0-1338-40E4-BF28-BAD13F198028}
	EndGlobalSection
EndGlobal
